// !$*UTF8*$!
{
	archiveVersion = 1;
	classes = {
	};
	objectVersion = 50;
	objects = {

/* Begin PBXBuildFile section */
		560424E625041D12007F0B3D /* NewsTableViewController.swift in Sources */ = {isa = PBXBuildFile; fileRef = 560424E525041D12007F0B3D /* NewsTableViewController.swift */; };
		560424E825041D3E007F0B3D /* NewsTableViewCell.swift in Sources */ = {isa = PBXBuildFile; fileRef = 560424E725041D3E007F0B3D /* NewsTableViewCell.swift */; };
		560424EA25041D55007F0B3D /* News.swift in Sources */ = {isa = PBXBuildFile; fileRef = 560424E925041D55007F0B3D /* News.swift */; };
		560456E724D193DF00AAAAC9 /* AppDelegate.swift in Sources */ = {isa = PBXBuildFile; fileRef = 560456E624D193DF00AAAAC9 /* AppDelegate.swift */; };
		560456E924D193DF00AAAAC9 /* SceneDelegate.swift in Sources */ = {isa = PBXBuildFile; fileRef = 560456E824D193DF00AAAAC9 /* SceneDelegate.swift */; };
		560456EB24D193DF00AAAAC9 /* SignInViewController.swift in Sources */ = {isa = PBXBuildFile; fileRef = 560456EA24D193DF00AAAAC9 /* SignInViewController.swift */; };
		560456EE24D193DF00AAAAC9 /* Main.storyboard in Resources */ = {isa = PBXBuildFile; fileRef = 560456EC24D193DF00AAAAC9 /* Main.storyboard */; };
		560456F024D193E600AAAAC9 /* Assets.xcassets in Resources */ = {isa = PBXBuildFile; fileRef = 560456EF24D193E600AAAAC9 /* Assets.xcassets */; };
		560456F324D193E600AAAAC9 /* LaunchScreen.storyboard in Resources */ = {isa = PBXBuildFile; fileRef = 560456F124D193E600AAAAC9 /* LaunchScreen.storyboard */; };
		56A1CA6924EC881200A3EFBB /* ShadowView.swift in Sources */ = {isa = PBXBuildFile; fileRef = 56A1CA6824EC881200A3EFBB /* ShadowView.swift */; };
		56A1CA6B24EC8B5E00A3EFBB /* AvatarImageView.swift in Sources */ = {isa = PBXBuildFile; fileRef = 56A1CA6A24EC8B5E00A3EFBB /* AvatarImageView.swift */; };
		56A1CA6D24EC94B900A3EFBB /* LikeControl.swift in Sources */ = {isa = PBXBuildFile; fileRef = 56A1CA6C24EC94B900A3EFBB /* LikeControl.swift */; };
		56F6076324E2B55000FA3BFC /* Friend.swift in Sources */ = {isa = PBXBuildFile; fileRef = 56F6076224E2B55000FA3BFC /* Friend.swift */; };
		56F6076524E2B55E00FA3BFC /* Community.swift in Sources */ = {isa = PBXBuildFile; fileRef = 56F6076424E2B55E00FA3BFC /* Community.swift */; };
		56F6076724E2B96900FA3BFC /* FriendTableViewCell.swift in Sources */ = {isa = PBXBuildFile; fileRef = 56F6076624E2B96900FA3BFC /* FriendTableViewCell.swift */; };
		56F6076924E2B99500FA3BFC /* FriendPhotoCollectionViewCell.swift in Sources */ = {isa = PBXBuildFile; fileRef = 56F6076824E2B99500FA3BFC /* FriendPhotoCollectionViewCell.swift */; };
		56F6076B24E2B9C400FA3BFC /* CommunityTableViewCell.swift in Sources */ = {isa = PBXBuildFile; fileRef = 56F6076A24E2B9C400FA3BFC /* CommunityTableViewCell.swift */; };
		56F6076D24E2BA1800FA3BFC /* FriendsTableViewController.swift in Sources */ = {isa = PBXBuildFile; fileRef = 56F6076C24E2BA1800FA3BFC /* FriendsTableViewController.swift */; };
		56F6076F24E2BA3600FA3BFC /* CommunitiesAddedTableViewController.swift in Sources */ = {isa = PBXBuildFile; fileRef = 56F6076E24E2BA3500FA3BFC /* CommunitiesAddedTableViewController.swift */; };
		56F6077124E2BA5B00FA3BFC /* CommunitiesAllTableViewController.swift in Sources */ = {isa = PBXBuildFile; fileRef = 56F6077024E2BA5B00FA3BFC /* CommunitiesAllTableViewController.swift */; };
		56F6077324E2BEA400FA3BFC /* FriendPhotosCollectionViewController.swift in Sources */ = {isa = PBXBuildFile; fileRef = 56F6077224E2BEA400FA3BFC /* FriendPhotosCollectionViewController.swift */; };
/* End PBXBuildFile section */

/* Begin PBXFileReference section */
		560424E525041D12007F0B3D /* NewsTableViewController.swift */ = {isa = PBXFileReference; lastKnownFileType = sourcecode.swift; path = NewsTableViewController.swift; sourceTree = "<group>"; };
		560424E725041D3E007F0B3D /* NewsTableViewCell.swift */ = {isa = PBXFileReference; lastKnownFileType = sourcecode.swift; path = NewsTableViewCell.swift; sourceTree = "<group>"; };
		560424E925041D55007F0B3D /* News.swift */ = {isa = PBXFileReference; lastKnownFileType = sourcecode.swift; path = News.swift; sourceTree = "<group>"; };
		560456E324D193DF00AAAAC9 /* yavka.app */ = {isa = PBXFileReference; explicitFileType = wrapper.application; includeInIndex = 0; path = yavka.app; sourceTree = BUILT_PRODUCTS_DIR; };
		560456E624D193DF00AAAAC9 /* AppDelegate.swift */ = {isa = PBXFileReference; lastKnownFileType = sourcecode.swift; path = AppDelegate.swift; sourceTree = "<group>"; };
		560456E824D193DF00AAAAC9 /* SceneDelegate.swift */ = {isa = PBXFileReference; lastKnownFileType = sourcecode.swift; path = SceneDelegate.swift; sourceTree = "<group>"; };
		560456EA24D193DF00AAAAC9 /* SignInViewController.swift */ = {isa = PBXFileReference; lastKnownFileType = sourcecode.swift; path = SignInViewController.swift; sourceTree = "<group>"; };
		560456ED24D193DF00AAAAC9 /* Base */ = {isa = PBXFileReference; lastKnownFileType = file.storyboard; name = Base; path = Base.lproj/Main.storyboard; sourceTree = "<group>"; };
		560456EF24D193E600AAAAC9 /* Assets.xcassets */ = {isa = PBXFileReference; lastKnownFileType = folder.assetcatalog; path = Assets.xcassets; sourceTree = "<group>"; };
		560456F224D193E600AAAAC9 /* Base */ = {isa = PBXFileReference; lastKnownFileType = file.storyboard; name = Base; path = Base.lproj/LaunchScreen.storyboard; sourceTree = "<group>"; };
		560456F424D193E600AAAAC9 /* Info.plist */ = {isa = PBXFileReference; lastKnownFileType = text.plist.xml; path = Info.plist; sourceTree = "<group>"; };
		56A1CA6824EC881200A3EFBB /* ShadowView.swift */ = {isa = PBXFileReference; lastKnownFileType = sourcecode.swift; path = ShadowView.swift; sourceTree = "<group>"; };
		56A1CA6A24EC8B5E00A3EFBB /* AvatarImageView.swift */ = {isa = PBXFileReference; lastKnownFileType = sourcecode.swift; path = AvatarImageView.swift; sourceTree = "<group>"; };
		56A1CA6C24EC94B900A3EFBB /* LikeControl.swift */ = {isa = PBXFileReference; lastKnownFileType = sourcecode.swift; path = LikeControl.swift; sourceTree = "<group>"; };
		56F6076224E2B55000FA3BFC /* Friend.swift */ = {isa = PBXFileReference; lastKnownFileType = sourcecode.swift; path = Friend.swift; sourceTree = "<group>"; };
		56F6076424E2B55E00FA3BFC /* Community.swift */ = {isa = PBXFileReference; lastKnownFileType = sourcecode.swift; path = Community.swift; sourceTree = "<group>"; };
		56F6076624E2B96900FA3BFC /* FriendTableViewCell.swift */ = {isa = PBXFileReference; lastKnownFileType = sourcecode.swift; path = FriendTableViewCell.swift; sourceTree = "<group>"; };
		56F6076824E2B99500FA3BFC /* FriendPhotoCollectionViewCell.swift */ = {isa = PBXFileReference; lastKnownFileType = sourcecode.swift; path = FriendPhotoCollectionViewCell.swift; sourceTree = "<group>"; };
		56F6076A24E2B9C400FA3BFC /* CommunityTableViewCell.swift */ = {isa = PBXFileReference; lastKnownFileType = sourcecode.swift; path = CommunityTableViewCell.swift; sourceTree = "<group>"; };
		56F6076C24E2BA1800FA3BFC /* FriendsTableViewController.swift */ = {isa = PBXFileReference; lastKnownFileType = sourcecode.swift; path = FriendsTableViewController.swift; sourceTree = "<group>"; };
		56F6076E24E2BA3500FA3BFC /* CommunitiesAddedTableViewController.swift */ = {isa = PBXFileReference; lastKnownFileType = sourcecode.swift; path = CommunitiesAddedTableViewController.swift; sourceTree = "<group>"; };
		56F6077024E2BA5B00FA3BFC /* CommunitiesAllTableViewController.swift */ = {isa = PBXFileReference; lastKnownFileType = sourcecode.swift; path = CommunitiesAllTableViewController.swift; sourceTree = "<group>"; };
		56F6077224E2BEA400FA3BFC /* FriendPhotosCollectionViewController.swift */ = {isa = PBXFileReference; lastKnownFileType = sourcecode.swift; path = FriendPhotosCollectionViewController.swift; sourceTree = "<group>"; };
/* End PBXFileReference section */

/* Begin PBXFrameworksBuildPhase section */
		560456E024D193DF00AAAAC9 /* Frameworks */ = {
			isa = PBXFrameworksBuildPhase;
			buildActionMask = 2147483647;
			files = (
			);
			runOnlyForDeploymentPostprocessing = 0;
		};
/* End PBXFrameworksBuildPhase section */

/* Begin PBXGroup section */
		560424E425041CDE007F0B3D /* News */ = {
			isa = PBXGroup;
			children = (
				560424E525041D12007F0B3D /* NewsTableViewController.swift */,
				560424E725041D3E007F0B3D /* NewsTableViewCell.swift */,
			);
			path = News;
			sourceTree = "<group>";
		};
		560456DA24D193DF00AAAAC9 = {
			isa = PBXGroup;
			children = (
				560456E524D193DF00AAAAC9 /* yavka */,
				560456E424D193DF00AAAAC9 /* Products */,
			);
			sourceTree = "<group>";
		};
		560456E424D193DF00AAAAC9 /* Products */ = {
			isa = PBXGroup;
			children = (
				560456E324D193DF00AAAAC9 /* yavka.app */,
			);
			name = Products;
			sourceTree = "<group>";
		};
		560456E524D193DF00AAAAC9 /* yavka */ = {
			isa = PBXGroup;
			children = (
				560424E425041CDE007F0B3D /* News */,
				5647167924F93AE4007FE50A /* CustomViews */,
				5647167624F93A49007FE50A /* SignIn */,
				5647167524F93A30007FE50A /* FriendList */,
				5647167724F93A54007FE50A /* FriendPhotos */,
				5647167824F93A69007FE50A /* Communities */,
				56F6076124E2B52100FA3BFC /* Model */,
				560456E624D193DF00AAAAC9 /* AppDelegate.swift */,
				560456E824D193DF00AAAAC9 /* SceneDelegate.swift */,
				560456EC24D193DF00AAAAC9 /* Main.storyboard */,
				560456EF24D193E600AAAAC9 /* Assets.xcassets */,
				560456F124D193E600AAAAC9 /* LaunchScreen.storyboard */,
				560456F424D193E600AAAAC9 /* Info.plist */,
			);
			path = yavka;
			sourceTree = "<group>";
		};
		5647167524F93A30007FE50A /* FriendList */ = {
			isa = PBXGroup;
			children = (
				56F6076C24E2BA1800FA3BFC /* FriendsTableViewController.swift */,
				56F6076624E2B96900FA3BFC /* FriendTableViewCell.swift */,
			);
			path = FriendList;
			sourceTree = "<group>";
		};
		5647167624F93A49007FE50A /* SignIn */ = {
			isa = PBXGroup;
			children = (
				560456EA24D193DF00AAAAC9 /* SignInViewController.swift */,
			);
			path = SignIn;
			sourceTree = "<group>";
		};
		5647167724F93A54007FE50A /* FriendPhotos */ = {
			isa = PBXGroup;
			children = (
				56F6077224E2BEA400FA3BFC /* FriendPhotosCollectionViewController.swift */,
				56F6076824E2B99500FA3BFC /* FriendPhotoCollectionViewCell.swift */,
			);
			path = FriendPhotos;
			sourceTree = "<group>";
		};
		5647167824F93A69007FE50A /* Communities */ = {
			isa = PBXGroup;
			children = (
				56F6076E24E2BA3500FA3BFC /* CommunitiesAddedTableViewController.swift */,
				56F6076A24E2B9C400FA3BFC /* CommunityTableViewCell.swift */,
				56F6077024E2BA5B00FA3BFC /* CommunitiesAllTableViewController.swift */,
			);
			path = Communities;
			sourceTree = "<group>";
		};
		5647167924F93AE4007FE50A /* CustomViews */ = {
			isa = PBXGroup;
			children = (
				56A1CA6A24EC8B5E00A3EFBB /* AvatarImageView.swift */,
				56A1CA6824EC881200A3EFBB /* ShadowView.swift */,
				56A1CA6C24EC94B900A3EFBB /* LikeControl.swift */,
			);
			path = CustomViews;
			sourceTree = "<group>";
		};
		56F6076124E2B52100FA3BFC /* Model */ = {
			isa = PBXGroup;
			children = (
				56F6076224E2B55000FA3BFC /* Friend.swift */,
				56F6076424E2B55E00FA3BFC /* Community.swift */,
				560424E925041D55007F0B3D /* News.swift */,
			);
			path = Model;
			sourceTree = "<group>";
		};
/* End PBXGroup section */

/* Begin PBXNativeTarget section */
		560456E224D193DF00AAAAC9 /* yavka */ = {
			isa = PBXNativeTarget;
			buildConfigurationList = 560456F724D193E600AAAAC9 /* Build configuration list for PBXNativeTarget "yavka" */;
			buildPhases = (
				560456DF24D193DF00AAAAC9 /* Sources */,
				560456E024D193DF00AAAAC9 /* Frameworks */,
				560456E124D193DF00AAAAC9 /* Resources */,
			);
			buildRules = (
			);
			dependencies = (
			);
			name = yavka;
			productName = yavka;
			productReference = 560456E324D193DF00AAAAC9 /* yavka.app */;
			productType = "com.apple.product-type.application";
		};
/* End PBXNativeTarget section */

/* Begin PBXProject section */
		560456DB24D193DF00AAAAC9 /* Project object */ = {
			isa = PBXProject;
			attributes = {
				LastSwiftUpdateCheck = 1160;
				LastUpgradeCheck = 1160;
				ORGANIZATIONNAME = "Сергей Журавлёв";
				TargetAttributes = {
					560456E224D193DF00AAAAC9 = {
						CreatedOnToolsVersion = 11.6;
					};
				};
			};
			buildConfigurationList = 560456DE24D193DF00AAAAC9 /* Build configuration list for PBXProject "yavka" */;
			compatibilityVersion = "Xcode 9.3";
			developmentRegion = en;
			hasScannedForEncodings = 0;
			knownRegions = (
				en,
				Base,
			);
			mainGroup = 560456DA24D193DF00AAAAC9;
			productRefGroup = 560456E424D193DF00AAAAC9 /* Products */;
			projectDirPath = "";
			projectRoot = "";
			targets = (
				560456E224D193DF00AAAAC9 /* yavka */,
			);
		};
/* End PBXProject section */

/* Begin PBXResourcesBuildPhase section */
		560456E124D193DF00AAAAC9 /* Resources */ = {
			isa = PBXResourcesBuildPhase;
			buildActionMask = 2147483647;
			files = (
				560456F324D193E600AAAAC9 /* LaunchScreen.storyboard in Resources */,
				560456F024D193E600AAAAC9 /* Assets.xcassets in Resources */,
				560456EE24D193DF00AAAAC9 /* Main.storyboard in Resources */,
			);
			runOnlyForDeploymentPostprocessing = 0;
		};
/* End PBXResourcesBuildPhase section */

/* Begin PBXSourcesBuildPhase section */
		560456DF24D193DF00AAAAC9 /* Sources */ = {
			isa = PBXSourcesBuildPhase;
			buildActionMask = 2147483647;
			files = (
				56F6076924E2B99500FA3BFC /* FriendPhotoCollectionViewCell.swift in Sources */,
				56F6076D24E2BA1800FA3BFC /* FriendsTableViewController.swift in Sources */,
				56F6076524E2B55E00FA3BFC /* Community.swift in Sources */,
				56F6076F24E2BA3600FA3BFC /* CommunitiesAddedTableViewController.swift in Sources */,
				56F6076724E2B96900FA3BFC /* FriendTableViewCell.swift in Sources */,
				56F6077124E2BA5B00FA3BFC /* CommunitiesAllTableViewController.swift in Sources */,
				56F6077324E2BEA400FA3BFC /* FriendPhotosCollectionViewController.swift in Sources */,
				56A1CA6D24EC94B900A3EFBB /* LikeControl.swift in Sources */,
				56F6076B24E2B9C400FA3BFC /* CommunityTableViewCell.swift in Sources */,
				56F6076324E2B55000FA3BFC /* Friend.swift in Sources */,
				560456EB24D193DF00AAAAC9 /* SignInViewController.swift in Sources */,
				56A1CA6924EC881200A3EFBB /* ShadowView.swift in Sources */,
				560424EA25041D55007F0B3D /* News.swift in Sources */,
				560424E625041D12007F0B3D /* NewsTableViewController.swift in Sources */,
				560456E724D193DF00AAAAC9 /* AppDelegate.swift in Sources */,
				560424E825041D3E007F0B3D /* NewsTableViewCell.swift in Sources */,
				560456E924D193DF00AAAAC9 /* SceneDelegate.swift in Sources */,
				56A1CA6B24EC8B5E00A3EFBB /* AvatarImageView.swift in Sources */,
			);
			runOnlyForDeploymentPostprocessing = 0;
		};
/* End PBXSourcesBuildPhase section */

/* Begin PBXVariantGroup section */
		560456EC24D193DF00AAAAC9 /* Main.storyboard */ = {
			isa = PBXVariantGroup;
			children = (
				560456ED24D193DF00AAAAC9 /* Base */,
			);
			name = Main.storyboard;
			sourceTree = "<group>";
		};
		560456F124D193E600AAAAC9 /* LaunchScreen.storyboard */ = {
			isa = PBXVariantGroup;
			children = (
				560456F224D193E600AAAAC9 /* Base */,
			);
			name = LaunchScreen.storyboard;
			sourceTree = "<group>";
		};
/* End PBXVariantGroup section */

/* Begin XCBuildConfiguration section */
		560456F524D193E600AAAAC9 /* Debug */ = {
			isa = XCBuildConfiguration;
			buildSettings = {
				ALWAYS_SEARCH_USER_PATHS = NO;
				CLANG_ANALYZER_NONNULL = YES;
				CLANG_ANALYZER_NUMBER_OBJECT_CONVERSION = YES_AGGRESSIVE;
				CLANG_CXX_LANGUAGE_STANDARD = "gnu++14";
				CLANG_CXX_LIBRARY = "libc++";
				CLANG_ENABLE_MODULES = YES;
				CLANG_ENABLE_OBJC_ARC = YES;
				CLANG_ENABLE_OBJC_WEAK = YES;
				CLANG_WARN_BLOCK_CAPTURE_AUTORELEASING = YES;
				CLANG_WARN_BOOL_CONVERSION = YES;
				CLANG_WARN_COMMA = YES;
				CLANG_WARN_CONSTANT_CONVERSION = YES;
				CLANG_WARN_DEPRECATED_OBJC_IMPLEMENTATIONS = YES;
				CLANG_WARN_DIRECT_OBJC_ISA_USAGE = YES_ERROR;
				CLANG_WARN_DOCUMENTATION_COMMENTS = YES;
				CLANG_WARN_EMPTY_BODY = YES;
				CLANG_WARN_ENUM_CONVERSION = YES;
				CLANG_WARN_INFINITE_RECURSION = YES;
				CLANG_WARN_INT_CONVERSION = YES;
				CLANG_WARN_NON_LITERAL_NULL_CONVERSION = YES;
				CLANG_WARN_OBJC_IMPLICIT_RETAIN_SELF = YES;
				CLANG_WARN_OBJC_LITERAL_CONVERSION = YES;
				CLANG_WARN_OBJC_ROOT_CLASS = YES_ERROR;
				CLANG_WARN_RANGE_LOOP_ANALYSIS = YES;
				CLANG_WARN_STRICT_PROTOTYPES = YES;
				CLANG_WARN_SUSPICIOUS_MOVE = YES;
				CLANG_WARN_UNGUARDED_AVAILABILITY = YES_AGGRESSIVE;
				CLANG_WARN_UNREACHABLE_CODE = YES;
				CLANG_WARN__DUPLICATE_METHOD_MATCH = YES;
				COPY_PHASE_STRIP = NO;
				DEBUG_INFORMATION_FORMAT = dwarf;
				ENABLE_STRICT_OBJC_MSGSEND = YES;
				ENABLE_TESTABILITY = YES;
				GCC_C_LANGUAGE_STANDARD = gnu11;
				GCC_DYNAMIC_NO_PIC = NO;
				GCC_NO_COMMON_BLOCKS = YES;
				GCC_OPTIMIZATION_LEVEL = 0;
				GCC_PREPROCESSOR_DEFINITIONS = (
					"DEBUG=1",
					"$(inherited)",
				);
				GCC_WARN_64_TO_32_BIT_CONVERSION = YES;
				GCC_WARN_ABOUT_RETURN_TYPE = YES_ERROR;
				GCC_WARN_UNDECLARED_SELECTOR = YES;
				GCC_WARN_UNINITIALIZED_AUTOS = YES_AGGRESSIVE;
				GCC_WARN_UNUSED_FUNCTION = YES;
				GCC_WARN_UNUSED_VARIABLE = YES;
				IPHONEOS_DEPLOYMENT_TARGET = 13.6;
				MTL_ENABLE_DEBUG_INFO = INCLUDE_SOURCE;
				MTL_FAST_MATH = YES;
				ONLY_ACTIVE_ARCH = YES;
				SDKROOT = iphoneos;
				SWIFT_ACTIVE_COMPILATION_CONDITIONS = DEBUG;
				SWIFT_OPTIMIZATION_LEVEL = "-Onone";
			};
			name = Debug;
		};
		560456F624D193E600AAAAC9 /* Release */ = {
			isa = XCBuildConfiguration;
			buildSettings = {
				ALWAYS_SEARCH_USER_PATHS = NO;
				CLANG_ANALYZER_NONNULL = YES;
				CLANG_ANALYZER_NUMBER_OBJECT_CONVERSION = YES_AGGRESSIVE;
				CLANG_CXX_LANGUAGE_STANDARD = "gnu++14";
				CLANG_CXX_LIBRARY = "libc++";
				CLANG_ENABLE_MODULES = YES;
				CLANG_ENABLE_OBJC_ARC = YES;
				CLANG_ENABLE_OBJC_WEAK = YES;
				CLANG_WARN_BLOCK_CAPTURE_AUTORELEASING = YES;
				CLANG_WARN_BOOL_CONVERSION = YES;
				CLANG_WARN_COMMA = YES;
				CLANG_WARN_CONSTANT_CONVERSION = YES;
				CLANG_WARN_DEPRECATED_OBJC_IMPLEMENTATIONS = YES;
				CLANG_WARN_DIRECT_OBJC_ISA_USAGE = YES_ERROR;
				CLANG_WARN_DOCUMENTATION_COMMENTS = YES;
				CLANG_WARN_EMPTY_BODY = YES;
				CLANG_WARN_ENUM_CONVERSION = YES;
				CLANG_WARN_INFINITE_RECURSION = YES;
				CLANG_WARN_INT_CONVERSION = YES;
				CLANG_WARN_NON_LITERAL_NULL_CONVERSION = YES;
				CLANG_WARN_OBJC_IMPLICIT_RETAIN_SELF = YES;
				CLANG_WARN_OBJC_LITERAL_CONVERSION = YES;
				CLANG_WARN_OBJC_ROOT_CLASS = YES_ERROR;
				CLANG_WARN_RANGE_LOOP_ANALYSIS = YES;
				CLANG_WARN_STRICT_PROTOTYPES = YES;
				CLANG_WARN_SUSPICIOUS_MOVE = YES;
				CLANG_WARN_UNGUARDED_AVAILABILITY = YES_AGGRESSIVE;
				CLANG_WARN_UNREACHABLE_CODE = YES;
				CLANG_WARN__DUPLICATE_METHOD_MATCH = YES;
				COPY_PHASE_STRIP = NO;
				DEBUG_INFORMATION_FORMAT = "dwarf-with-dsym";
				ENABLE_NS_ASSERTIONS = NO;
				ENABLE_STRICT_OBJC_MSGSEND = YES;
				GCC_C_LANGUAGE_STANDARD = gnu11;
				GCC_NO_COMMON_BLOCKS = YES;
				GCC_WARN_64_TO_32_BIT_CONVERSION = YES;
				GCC_WARN_ABOUT_RETURN_TYPE = YES_ERROR;
				GCC_WARN_UNDECLARED_SELECTOR = YES;
				GCC_WARN_UNINITIALIZED_AUTOS = YES_AGGRESSIVE;
				GCC_WARN_UNUSED_FUNCTION = YES;
				GCC_WARN_UNUSED_VARIABLE = YES;
				IPHONEOS_DEPLOYMENT_TARGET = 13.6;
				MTL_ENABLE_DEBUG_INFO = NO;
				MTL_FAST_MATH = YES;
				SDKROOT = iphoneos;
				SWIFT_COMPILATION_MODE = wholemodule;
				SWIFT_OPTIMIZATION_LEVEL = "-O";
				VALIDATE_PRODUCT = YES;
			};
			name = Release;
		};
		560456F824D193E600AAAAC9 /* Debug */ = {
			isa = XCBuildConfiguration;
			buildSettings = {
				ASSETCATALOG_COMPILER_APPICON_NAME = AppIcon;
				CODE_SIGN_STYLE = Automatic;
				DEVELOPMENT_TEAM = C835P792FA;
				INFOPLIST_FILE = yavka/Info.plist;
				LD_RUNPATH_SEARCH_PATHS = (
					"$(inherited)",
					"@executable_path/Frameworks",
				);
				PRODUCT_BUNDLE_IDENTIFIER = dev.greycrane.yavka;
				PRODUCT_NAME = "$(TARGET_NAME)";
				SWIFT_VERSION = 5.0;
				TARGETED_DEVICE_FAMILY = "1,2";
			};
			name = Debug;
		};
		560456F924D193E600AAAAC9 /* Release */ = {
			isa = XCBuildConfiguration;
			buildSettings = {
				ASSETCATALOG_COMPILER_APPICON_NAME = AppIcon;
				CODE_SIGN_STYLE = Automatic;
				DEVELOPMENT_TEAM = C835P792FA;
				INFOPLIST_FILE = yavka/Info.plist;
				LD_RUNPATH_SEARCH_PATHS = (
					"$(inherited)",
					"@executable_path/Frameworks",
				);
				PRODUCT_BUNDLE_IDENTIFIER = dev.greycrane.yavka;
				PRODUCT_NAME = "$(TARGET_NAME)";
				SWIFT_VERSION = 5.0;
				TARGETED_DEVICE_FAMILY = "1,2";
			};
			name = Release;
		};
/* End XCBuildConfiguration section */

/* Begin XCConfigurationList section */
		560456DE24D193DF00AAAAC9 /* Build configuration list for PBXProject "yavka" */ = {
			isa = XCConfigurationList;
			buildConfigurations = (
				560456F524D193E600AAAAC9 /* Debug */,
				560456F624D193E600AAAAC9 /* Release */,
			);
			defaultConfigurationIsVisible = 0;
			defaultConfigurationName = Release;
		};
		560456F724D193E600AAAAC9 /* Build configuration list for PBXNativeTarget "yavka" */ = {
			isa = XCConfigurationList;
			buildConfigurations = (
				560456F824D193E600AAAAC9 /* Debug */,
				560456F924D193E600AAAAC9 /* Release */,
			);
			defaultConfigurationIsVisible = 0;
			defaultConfigurationName = Release;
		};
/* End XCConfigurationList section */
	};
	rootObject = 560456DB24D193DF00AAAAC9 /* Project object */;
}
